
Microsoft Visual Studio Solution File, Format Version 12.00
# Visual Studio 15
VisualStudioVersion = 15.0.26430.14
MinimumVisualStudioVersion = 10.0.40219.1
Project("{FAE04EC0-301F-11D3-BF4B-00C04F79EFBC}") = "ListViewExplandible.Android", "ListViewExplandible\ListViewExplandible.Android\ListViewExplandible.Android.csproj", "{98C1A2FB-4A08-452F-B1E4-E70C8F9DFC19}"
EndProject
Project("{FAE04EC0-301F-11D3-BF4B-00C04F79EFBC}") = "ListViewExplandible", "ListViewExplandible\ListViewExplandible\ListViewExplandible.csproj", "{D8D0768B-9E24-4FF5-A858-CEBC528AE063}"
EndProject
Project("{FAE04EC0-301F-11D3-BF4B-00C04F79EFBC}") = "ListViewExplandible.iOS", "ListViewExplandible\ListViewExplandible.iOS\ListViewExplandible.iOS.csproj", "{0DE96AA8-7E7D-4D71-B308-0515AA44CA58}"
EndProject
Global
	GlobalSection(SolutionConfigurationPlatforms) = preSolution
		Ad-Hoc|Any CPU = Ad-Hoc|Any CPU
		Ad-Hoc|ARM = Ad-Hoc|ARM
		Ad-Hoc|iPhone = Ad-Hoc|iPhone
		Ad-Hoc|iPhoneSimulator = Ad-Hoc|iPhoneSimulator
		Ad-Hoc|x64 = Ad-Hoc|x64
		Ad-Hoc|x86 = Ad-Hoc|x86
		AppStore|Any CPU = AppStore|Any CPU
		AppStore|ARM = AppStore|ARM
		AppStore|iPhone = AppStore|iPhone
		AppStore|iPhoneSimulator = AppStore|iPhoneSimulator
		AppStore|x64 = AppStore|x64
		AppStore|x86 = AppStore|x86
		Debug|Any CPU = Debug|Any CPU
		Debug|ARM = Debug|ARM
		Debug|iPhone = Debug|iPhone
		Debug|iPhoneSimulator = Debug|iPhoneSimulator
		Debug|x64 = Debug|x64
		Debug|x86 = Debug|x86
		Release|Any CPU = Release|Any CPU
		Release|ARM = Release|ARM
		Release|iPhone = Release|iPhone
		Release|iPhoneSimulator = Release|iPhoneSimulator
		Release|x64 = Release|x64
		Release|x86 = Release|x86
	EndGlobalSection
	GlobalSection(ProjectConfigurationPlatforms) = postSolution
		{98C1A2FB-4A08-452F-B1E4-E70C8F9DFC19}.Ad-Hoc|Any CPU.ActiveCfg = Release|Any CPU
		{98C1A2FB-4A08-452F-B1E4-E70C8F9DFC19}.Ad-Hoc|Any CPU.Build.0 = Release|Any CPU
		{98C1A2FB-4A08-452F-B1E4-E70C8F9DFC19}.Ad-Hoc|Any CPU.Deploy.0 = Release|Any CPU
		{98C1A2FB-4A08-452F-B1E4-E70C8F9DFC19}.Ad-Hoc|ARM.ActiveCfg = Release|Any CPU
		{98C1A2FB-4A08-452F-B1E4-E70C8F9DFC19}.Ad-Hoc|ARM.Build.0 = Release|Any CPU
		{98C1A2FB-4A08-452F-B1E4-E70C8F9DFC19}.Ad-Hoc|ARM.Deploy.0 = Release|Any CPU
		{98C1A2FB-4A08-452F-B1E4-E70C8F9DFC19}.Ad-Hoc|iPhone.ActiveCfg = Release|Any CPU
		{98C1A2FB-4A08-452F-B1E4-E70C8F9DFC19}.Ad-Hoc|iPhone.Build.0 = Release|Any CPU
		{98C1A2FB-4A08-452F-B1E4-E70C8F9DFC19}.Ad-Hoc|iPhone.Deploy.0 = Release|Any CPU
		{98C1A2FB-4A08-452F-B1E4-E70C8F9DFC19}.Ad-Hoc|iPhoneSimulator.ActiveCfg = Release|Any CPU
		{98C1A2FB-4A08-452F-B1E4-E70C8F9DFC19}.Ad-Hoc|iPhoneSimulator.Build.0 = Release|Any CPU
		{98C1A2FB-4A08-452F-B1E4-E70C8F9DFC19}.Ad-Hoc|iPhoneSimulator.Deploy.0 = Release|Any CPU
		{98C1A2FB-4A08-452F-B1E4-E70C8F9DFC19}.Ad-Hoc|x64.ActiveCfg = Release|Any CPU
		{98C1A2FB-4A08-452F-B1E4-E70C8F9DFC19}.Ad-Hoc|x64.Build.0 = Release|Any CPU
		{98C1A2FB-4A08-452F-B1E4-E70C8F9DFC19}.Ad-Hoc|x64.Deploy.0 = Release|Any CPU
		{98C1A2FB-4A08-452F-B1E4-E70C8F9DFC19}.Ad-Hoc|x86.ActiveCfg = Release|Any CPU
		{98C1A2FB-4A08-452F-B1E4-E70C8F9DFC19}.Ad-Hoc|x86.Build.0 = Release|Any CPU
		{98C1A2FB-4A08-452F-B1E4-E70C8F9DFC19}.Ad-Hoc|x86.Deploy.0 = Release|Any CPU
		{98C1A2FB-4A08-452F-B1E4-E70C8F9DFC19}.AppStore|Any CPU.ActiveCfg = Release|Any CPU
		{98C1A2FB-4A08-452F-B1E4-E70C8F9DFC19}.AppStore|Any CPU.Build.0 = Release|Any CPU
		{98C1A2FB-4A08-452F-B1E4-E70C8F9DFC19}.AppStore|Any CPU.Deploy.0 = Release|Any CPU
		{98C1A2FB-4A08-452F-B1E4-E70C8F9DFC19}.AppStore|ARM.ActiveCfg = Release|Any CPU
		{98C1A2FB-4A08-452F-B1E4-E70C8F9DFC19}.AppStore|ARM.Build.0 = Release|Any CPU
		{98C1A2FB-4A08-452F-B1E4-E70C8F9DFC19}.AppStore|ARM.Deploy.0 = Release|Any CPU
		{98C1A2FB-4A08-452F-B1E4-E70C8F9DFC19}.AppStore|iPhone.ActiveCfg = Release|Any CPU
		{98C1A2FB-4A08-452F-B1E4-E70C8F9DFC19}.AppStore|iPhone.Build.0 = Release|Any CPU
		{98C1A2FB-4A08-452F-B1E4-E70C8F9DFC19}.AppStore|iPhone.Deploy.0 = Release|Any CPU
		{98C1A2FB-4A08-452F-B1E4-E70C8F9DFC19}.AppStore|iPhoneSimulator.ActiveCfg = Release|Any CPU
		{98C1A2FB-4A08-452F-B1E4-E70C8F9DFC19}.AppStore|iPhoneSimulator.Build.0 = Release|Any CPU
		{98C1A2FB-4A08-452F-B1E4-E70C8F9DFC19}.AppStore|iPhoneSimulator.Deploy.0 = Release|Any CPU
		{98C1A2FB-4A08-452F-B1E4-E70C8F9DFC19}.AppStore|x64.ActiveCfg = Release|Any CPU
		{98C1A2FB-4A08-452F-B1E4-E70C8F9DFC19}.AppStore|x64.Build.0 = Release|Any CPU
		{98C1A2FB-4A08-452F-B1E4-E70C8F9DFC19}.AppStore|x64.Deploy.0 = Release|Any CPU
		{98C1A2FB-4A08-452F-B1E4-E70C8F9DFC19}.AppStore|x86.ActiveCfg = Release|Any CPU
		{98C1A2FB-4A08-452F-B1E4-E70C8F9DFC19}.AppStore|x86.Build.0 = Release|Any CPU
		{98C1A2FB-4A08-452F-B1E4-E70C8F9DFC19}.AppStore|x86.Deploy.0 = Release|Any CPU
		{98C1A2FB-4A08-452F-B1E4-E70C8F9DFC19}.Debug|Any CPU.ActiveCfg = Debug|Any CPU
		{98C1A2FB-4A08-452F-B1E4-E70C8F9DFC19}.Debug|Any CPU.Build.0 = Debug|Any CPU
		{98C1A2FB-4A08-452F-B1E4-E70C8F9DFC19}.Debug|Any CPU.Deploy.0 = Debug|Any CPU
		{98C1A2FB-4A08-452F-B1E4-E70C8F9DFC19}.Debug|ARM.ActiveCfg = Debug|Any CPU
		{98C1A2FB-4A08-452F-B1E4-E70C8F9DFC19}.Debug|ARM.Build.0 = Debug|Any CPU
		{98C1A2FB-4A08-452F-B1E4-E70C8F9DFC19}.Debug|ARM.Deploy.0 = Debug|Any CPU
		{98C1A2FB-4A08-452F-B1E4-E70C8F9DFC19}.Debug|iPhone.ActiveCfg = Debug|Any CPU
		{98C1A2FB-4A08-452F-B1E4-E70C8F9DFC19}.Debug|iPhone.Build.0 = Debug|Any CPU
		{98C1A2FB-4A08-452F-B1E4-E70C8F9DFC19}.Debug|iPhone.Deploy.0 = Debug|Any CPU
		{98C1A2FB-4A08-452F-B1E4-E70C8F9DFC19}.Debug|iPhoneSimulator.ActiveCfg = Debug|Any CPU
		{98C1A2FB-4A08-452F-B1E4-E70C8F9DFC19}.Debug|iPhoneSimulator.Build.0 = Debug|Any CPU
		{98C1A2FB-4A08-452F-B1E4-E70C8F9DFC19}.Debug|iPhoneSimulator.Deploy.0 = Debug|Any CPU
		{98C1A2FB-4A08-452F-B1E4-E70C8F9DFC19}.Debug|x64.ActiveCfg = Debug|Any CPU
		{98C1A2FB-4A08-452F-B1E4-E70C8F9DFC19}.Debug|x64.Build.0 = Debug|Any CPU
		{98C1A2FB-4A08-452F-B1E4-E70C8F9DFC19}.Debug|x64.Deploy.0 = Debug|Any CPU
		{98C1A2FB-4A08-452F-B1E4-E70C8F9DFC19}.Debug|x86.ActiveCfg = Debug|Any CPU
		{98C1A2FB-4A08-452F-B1E4-E70C8F9DFC19}.Debug|x86.Build.0 = Debug|Any CPU
		{98C1A2FB-4A08-452F-B1E4-E70C8F9DFC19}.Debug|x86.Deploy.0 = Debug|Any CPU
		{98C1A2FB-4A08-452F-B1E4-E70C8F9DFC19}.Release|Any CPU.ActiveCfg = Release|Any CPU
		{98C1A2FB-4A08-452F-B1E4-E70C8F9DFC19}.Release|Any CPU.Build.0 = Release|Any CPU
		{98C1A2FB-4A08-452F-B1E4-E70C8F9DFC19}.Release|Any CPU.Deploy.0 = Release|Any CPU
		{98C1A2FB-4A08-452F-B1E4-E70C8F9DFC19}.Release|ARM.ActiveCfg = Release|Any CPU
		{98C1A2FB-4A08-452F-B1E4-E70C8F9DFC19}.Release|ARM.Build.0 = Release|Any CPU
		{98C1A2FB-4A08-452F-B1E4-E70C8F9DFC19}.Release|ARM.Deploy.0 = Release|Any CPU
		{98C1A2FB-4A08-452F-B1E4-E70C8F9DFC19}.Release|iPhone.ActiveCfg = Release|Any CPU
		{98C1A2FB-4A08-452F-B1E4-E70C8F9DFC19}.Release|iPhone.Build.0 = Release|Any CPU
		{98C1A2FB-4A08-452F-B1E4-E70C8F9DFC19}.Release|iPhone.Deploy.0 = Release|Any CPU
		{98C1A2FB-4A08-452F-B1E4-E70C8F9DFC19}.Release|iPhoneSimulator.ActiveCfg = Release|Any CPU
		{98C1A2FB-4A08-452F-B1E4-E70C8F9DFC19}.Release|iPhoneSimulator.Build.0 = Release|Any CPU
		{98C1A2FB-4A08-452F-B1E4-E70C8F9DFC19}.Release|iPhoneSimulator.Deploy.0 = Release|Any CPU
		{98C1A2FB-4A08-452F-B1E4-E70C8F9DFC19}.Release|x64.ActiveCfg = Release|Any CPU
		{98C1A2FB-4A08-452F-B1E4-E70C8F9DFC19}.Release|x64.Build.0 = Release|Any CPU
		{98C1A2FB-4A08-452F-B1E4-E70C8F9DFC19}.Release|x64.Deploy.0 = Release|Any CPU
		{98C1A2FB-4A08-452F-B1E4-E70C8F9DFC19}.Release|x86.ActiveCfg = Release|Any CPU
		{98C1A2FB-4A08-452F-B1E4-E70C8F9DFC19}.Release|x86.Build.0 = Release|Any CPU
		{98C1A2FB-4A08-452F-B1E4-E70C8F9DFC19}.Release|x86.Deploy.0 = Release|Any CPU
		{D8D0768B-9E24-4FF5-A858-CEBC528AE063}.Ad-Hoc|Any CPU.ActiveCfg = Release|Any CPU
		{D8D0768B-9E24-4FF5-A858-CEBC528AE063}.Ad-Hoc|Any CPU.Build.0 = Release|Any CPU
		{D8D0768B-9E24-4FF5-A858-CEBC528AE063}.Ad-Hoc|ARM.ActiveCfg = Release|Any CPU
		{D8D0768B-9E24-4FF5-A858-CEBC528AE063}.Ad-Hoc|ARM.Build.0 = Release|Any CPU
		{D8D0768B-9E24-4FF5-A858-CEBC528AE063}.Ad-Hoc|iPhone.ActiveCfg = Release|Any CPU
		{D8D0768B-9E24-4FF5-A858-CEBC528AE063}.Ad-Hoc|iPhone.Build.0 = Release|Any CPU
		{D8D0768B-9E24-4FF5-A858-CEBC528AE063}.Ad-Hoc|iPhoneSimulator.ActiveCfg = Release|Any CPU
		{D8D0768B-9E24-4FF5-A858-CEBC528AE063}.Ad-Hoc|iPhoneSimulator.Build.0 = Release|Any CPU
		{D8D0768B-9E24-4FF5-A858-CEBC528AE063}.Ad-Hoc|x64.ActiveCfg = Release|Any CPU
		{D8D0768B-9E24-4FF5-A858-CEBC528AE063}.Ad-Hoc|x64.Build.0 = Release|Any CPU
		{D8D0768B-9E24-4FF5-A858-CEBC528AE063}.Ad-Hoc|x86.ActiveCfg = Release|Any CPU
		{D8D0768B-9E24-4FF5-A858-CEBC528AE063}.Ad-Hoc|x86.Build.0 = Release|Any CPU
		{D8D0768B-9E24-4FF5-A858-CEBC528AE063}.AppStore|Any CPU.ActiveCfg = Release|Any CPU
		{D8D0768B-9E24-4FF5-A858-CEBC528AE063}.AppStore|Any CPU.Build.0 = Release|Any CPU
		{D8D0768B-9E24-4FF5-A858-CEBC528AE063}.AppStore|ARM.ActiveCfg = Release|Any CPU
		{D8D0768B-9E24-4FF5-A858-CEBC528AE063}.AppStore|ARM.Build.0 = Release|Any CPU
		{D8D0768B-9E24-4FF5-A858-CEBC528AE063}.AppStore|iPhone.ActiveCfg = Release|Any CPU
		{D8D0768B-9E24-4FF5-A858-CEBC528AE063}.AppStore|iPhone.Build.0 = Release|Any CPU
		{D8D0768B-9E24-4FF5-A858-CEBC528AE063}.AppStore|iPhoneSimulator.ActiveCfg = Release|Any CPU
		{D8D0768B-9E24-4FF5-A858-CEBC528AE063}.AppStore|iPhoneSimulator.Build.0 = Release|Any CPU
		{D8D0768B-9E24-4FF5-A858-CEBC528AE063}.AppStore|x64.ActiveCfg = Release|Any CPU
		{D8D0768B-9E24-4FF5-A858-CEBC528AE063}.AppStore|x64.Build.0 = Release|Any CPU
		{D8D0768B-9E24-4FF5-A858-CEBC528AE063}.AppStore|x86.ActiveCfg = Release|Any CPU
		{D8D0768B-9E24-4FF5-A858-CEBC528AE063}.AppStore|x86.Build.0 = Release|Any CPU
		{D8D0768B-9E24-4FF5-A858-CEBC528AE063}.Debug|Any CPU.ActiveCfg = Debug|Any CPU
		{D8D0768B-9E24-4FF5-A858-CEBC528AE063}.Debug|Any CPU.Build.0 = Debug|Any CPU
		{D8D0768B-9E24-4FF5-A858-CEBC528AE063}.Debug|ARM.ActiveCfg = Debug|Any CPU
		{D8D0768B-9E24-4FF5-A858-CEBC528AE063}.Debug|ARM.Build.0 = Debug|Any CPU
		{D8D0768B-9E24-4FF5-A858-CEBC528AE063}.Debug|iPhone.ActiveCfg = Debug|Any CPU
		{D8D0768B-9E24-4FF5-A858-CEBC528AE063}.Debug|iPhone.Build.0 = Debug|Any CPU
		{D8D0768B-9E24-4FF5-A858-CEBC528AE063}.Debug|iPhoneSimulator.ActiveCfg = Debug|Any CPU
		{D8D0768B-9E24-4FF5-A858-CEBC528AE063}.Debug|iPhoneSimulator.Build.0 = Debug|Any CPU
		{D8D0768B-9E24-4FF5-A858-CEBC528AE063}.Debug|x64.ActiveCfg = Debug|Any CPU
		{D8D0768B-9E24-4FF5-A858-CEBC528AE063}.Debug|x64.Build.0 = Debug|Any CPU
		{D8D0768B-9E24-4FF5-A858-CEBC528AE063}.Debug|x86.ActiveCfg = Debug|Any CPU
		{D8D0768B-9E24-4FF5-A858-CEBC528AE063}.Debug|x86.Build.0 = Debug|Any CPU
		{D8D0768B-9E24-4FF5-A858-CEBC528AE063}.Release|Any CPU.ActiveCfg = Release|Any CPU
		{D8D0768B-9E24-4FF5-A858-CEBC528AE063}.Release|Any CPU.Build.0 = Release|Any CPU
		{D8D0768B-9E24-4FF5-A858-CEBC528AE063}.Release|ARM.ActiveCfg = Release|Any CPU
		{D8D0768B-9E24-4FF5-A858-CEBC528AE063}.Release|ARM.Build.0 = Release|Any CPU
		{D8D0768B-9E24-4FF5-A858-CEBC528AE063}.Release|iPhone.ActiveCfg = Release|Any CPU
		{D8D0768B-9E24-4FF5-A858-CEBC528AE063}.Release|iPhone.Build.0 = Release|Any CPU
		{D8D0768B-9E24-4FF5-A858-CEBC528AE063}.Release|iPhoneSimulator.ActiveCfg = Release|Any CPU
		{D8D0768B-9E24-4FF5-A858-CEBC528AE063}.Release|iPhoneSimulator.Build.0 = Release|Any CPU
		{D8D0768B-9E24-4FF5-A858-CEBC528AE063}.Release|x64.ActiveCfg = Release|Any CPU
		{D8D0768B-9E24-4FF5-A858-CEBC528AE063}.Release|x64.Build.0 = Release|Any CPU
		{D8D0768B-9E24-4FF5-A858-CEBC528AE063}.Release|x86.ActiveCfg = Release|Any CPU
		{D8D0768B-9E24-4FF5-A858-CEBC528AE063}.Release|x86.Build.0 = Release|Any CPU
		{0DE96AA8-7E7D-4D71-B308-0515AA44CA58}.Ad-Hoc|Any CPU.ActiveCfg = Ad-Hoc|iPhone
		{0DE96AA8-7E7D-4D71-B308-0515AA44CA58}.Ad-Hoc|ARM.ActiveCfg = Ad-Hoc|iPhone
		{0DE96AA8-7E7D-4D71-B308-0515AA44CA58}.Ad-Hoc|iPhone.ActiveCfg = Ad-Hoc|iPhone
		{0DE96AA8-7E7D-4D71-B308-0515AA44CA58}.Ad-Hoc|iPhone.Build.0 = Ad-Hoc|iPhone
		{0DE96AA8-7E7D-4D71-B308-0515AA44CA58}.Ad-Hoc|iPhoneSimulator.ActiveCfg = Ad-Hoc|iPhoneSimulator
		{0DE96AA8-7E7D-4D71-B308-0515AA44CA58}.Ad-Hoc|iPhoneSimulator.Build.0 = Ad-Hoc|iPhoneSimulator
		{0DE96AA8-7E7D-4D71-B308-0515AA44CA58}.Ad-Hoc|x64.ActiveCfg = Ad-Hoc|iPhone
		{0DE96AA8-7E7D-4D71-B308-0515AA44CA58}.Ad-Hoc|x86.ActiveCfg = Ad-Hoc|iPhone
		{0DE96AA8-7E7D-4D71-B308-0515AA44CA58}.AppStore|Any CPU.ActiveCfg = AppStore|iPhone
		{0DE96AA8-7E7D-4D71-B308-0515AA44CA58}.AppStore|ARM.ActiveCfg = AppStore|iPhone
		{0DE96AA8-7E7D-4D71-B308-0515AA44CA58}.AppStore|iPhone.ActiveCfg = AppStore|iPhone
		{0DE96AA8-7E7D-4D71-B308-0515AA44CA58}.AppStore|iPhone.Build.0 = AppStore|iPhone
		{0DE96AA8-7E7D-4D71-B308-0515AA44CA58}.AppStore|iPhoneSimulator.ActiveCfg = AppStore|iPhoneSimulator
		{0DE96AA8-7E7D-4D71-B308-0515AA44CA58}.AppStore|iPhoneSimulator.Build.0 = AppStore|iPhoneSimulator
		{0DE96AA8-7E7D-4D71-B308-0515AA44CA58}.AppStore|x64.ActiveCfg = AppStore|iPhone
		{0DE96AA8-7E7D-4D71-B308-0515AA44CA58}.AppStore|x86.ActiveCfg = AppStore|iPhone
		{0DE96AA8-7E7D-4D71-B308-0515AA44CA58}.Debug|Any CPU.ActiveCfg = Debug|iPhone
		{0DE96AA8-7E7D-4D71-B308-0515AA44CA58}.Debug|ARM.ActiveCfg = Debug|iPhone
		{0DE96AA8-7E7D-4D71-B308-0515AA44CA58}.Debug|iPhone.ActiveCfg = Debug|iPhone
		{0DE96AA8-7E7D-4D71-B308-0515AA44CA58}.Debug|iPhone.Build.0 = Debug|iPhone
		{0DE96AA8-7E7D-4D71-B308-0515AA44CA58}.Debug|iPhoneSimulator.ActiveCfg = Debug|iPhoneSimulator
		{0DE96AA8-7E7D-4D71-B308-0515AA44CA58}.Debug|iPhoneSimulator.Build.0 = Debug|iPhoneSimulator
		{0DE96AA8-7E7D-4D71-B308-0515AA44CA58}.Debug|x64.ActiveCfg = Debug|iPhone
		{0DE96AA8-7E7D-4D71-B308-0515AA44CA58}.Debug|x86.ActiveCfg = Debug|iPhone
		{0DE96AA8-7E7D-4D71-B308-0515AA44CA58}.Release|Any CPU.ActiveCfg = Release|iPhone
		{0DE96AA8-7E7D-4D71-B308-0515AA44CA58}.Release|ARM.ActiveCfg = Release|iPhone
		{0DE96AA8-7E7D-4D71-B308-0515AA44CA58}.Release|iPhone.ActiveCfg = Release|iPhone
		{0DE96AA8-7E7D-4D71-B308-0515AA44CA58}.Release|iPhone.Build.0 = Release|iPhone
		{0DE96AA8-7E7D-4D71-B308-0515AA44CA58}.Release|iPhoneSimulator.ActiveCfg = Release|iPhoneSimulator
		{0DE96AA8-7E7D-4D71-B308-0515AA44CA58}.Release|iPhoneSimulator.Build.0 = Release|iPhoneSimulator
		{0DE96AA8-7E7D-4D71-B308-0515AA44CA58}.Release|x64.ActiveCfg = Release|iPhone
		{0DE96AA8-7E7D-4D71-B308-0515AA44CA58}.Release|x86.ActiveCfg = Release|iPhone
	EndGlobalSection
	GlobalSection(SolutionProperties) = preSolution
		HideSolutionNode = FALSE
	EndGlobalSection
EndGlobal
